
Microsoft Visual Studio Solution File, Format Version 12.00
# Visual Studio Version 17
VisualStudioVersion = 17.9.34616.47
MinimumVisualStudioVersion = 10.0.40219.1
Project("{FAE04EC0-301F-11D3-BF4B-00C04F79EFBC}") = "UI", "UI.csproj", "{CD8B4A96-BD40-4D6C-BCE1-52E73E2C62F2}"
EndProject
Project("{FAE04EC0-301F-11D3-BF4B-00C04F79EFBC}") = "Logic", "..\Logic\Logic.csproj", "{ED02287C-1A77-4050-A651-26813283F778}"
EndProject
Global
	GlobalSection(SolutionConfigurationPlatforms) = preSolution
		Debug|Any CPU = Debug|Any CPU
		Release|Any CPU = Release|Any CPU
	EndGlobalSection
	GlobalSection(ProjectConfigurationPlatforms) = postSolution
		{CD8B4A96-BD40-4D6C-BCE1-52E73E2C62F2}.Debug|Any CPU.ActiveCfg = Debug|Any CPU
		{CD8B4A96-BD40-4D6C-BCE1-52E73E2C62F2}.Debug|Any CPU.Build.0 = Debug|Any CPU
		{CD8B4A96-BD40-4D6C-BCE1-52E73E2C62F2}.Release|Any CPU.ActiveCfg = Release|Any CPU
		{CD8B4A96-BD40-4D6C-BCE1-52E73E2C62F2}.Release|Any CPU.Build.0 = Release|Any CPU
		{ED02287C-1A77-4050-A651-26813283F778}.Debug|Any CPU.ActiveCfg = Debug|Any CPU
		{ED02287C-1A77-4050-A651-26813283F778}.Debug|Any CPU.Build.0 = Debug|Any CPU
		{ED02287C-1A77-4050-A651-26813283F778}.Release|Any CPU.ActiveCfg = Release|Any CPU
		{ED02287C-1A77-4050-A651-26813283F778}.Release|Any CPU.Build.0 = Release|Any CPU
	EndGlobalSection
	GlobalSection(SolutionProperties) = preSolution
		HideSolutionNode = FALSE
	EndGlobalSection
	GlobalSection(ExtensibilityGlobals) = postSolution
		SolutionGuid = {4DB03275-9A30-4087-A4AD-00BAAC16BFF0}
	EndGlobalSection
EndGlobal
